
Microsoft Visual Studio Solution File, Format Version 9.00
# Visual Studio 2005
Project("{FAE04EC0-301F-11D3-BF4B-00C04F79EFBC}") = "ProgrammersInc.SuperList", "ProgrammersInc.SuperList\ProgrammersInc.SuperList.csproj", "{3BBC852E-2033-4D67-93D9-EE3986304AAE}"
EndProject
Project("{FAE04EC0-301F-11D3-BF4B-00C04F79EFBC}") = "ProgrammersInc.Utility", "ProgrammersInc.Utility\ProgrammersInc.Utility.csproj", "{D3B89D5E-2788-40C7-AD71-128C42216B9E}"
EndProject
Project("{FAE04EC0-301F-11D3-BF4B-00C04F79EFBC}") = "ProgrammersInc.WinFormsUtility", "ProgrammersInc.WinFormsUtility\ProgrammersInc.WinFormsUtility.csproj", "{AFF75B02-8754-44C5-9941-458AB013A1AF}"
EndProject
Project("{FAE04EC0-301F-11D3-BF4B-00C04F79EFBC}") = "ProgrammersInc.VectorGraphics", "ProgrammersInc.VectorGraphics\ProgrammersInc.VectorGraphics.csproj", "{3A8E6317-DEEA-4D6E-8B8D-D4685BC3390B}"
EndProject
Project("{FAE04EC0-301F-11D3-BF4B-00C04F79EFBC}") = "ProgrammersInc.SuperTree", "ProgrammersInc.SuperTree\ProgrammersInc.SuperTree.csproj", "{C022597B-2325-46C1-936D-03C51DD1B048}"
EndProject
Project("{FAE04EC0-301F-11D3-BF4B-00C04F79EFBC}") = "SuperTreeTest", "ProgrammersInc.Tests\SuperTreeTest.csproj", "{854C9915-5C36-4775-8EE7-5A7C74E9CCFF}"
EndProject
Project("{FAE04EC0-301F-11D3-BF4B-00C04F79EFBC}") = "ProgrammersInc.WinFormsGloss", "ProgrammersInc.WinFormsGloss\ProgrammersInc.WinFormsGloss.csproj", "{4BFF592D-AFBB-4B3B-9050-37E91CFA14ED}"
EndProject
Project("{FAE04EC0-301F-11D3-BF4B-00C04F79EFBC}") = "ProgrammerInc", "ProgrammersInc\ProgrammerInc.csproj", "{46A18A55-5AE8-49CE-91CD-C7421B642E7E}"
EndProject
Project("{FAE04EC0-301F-11D3-BF4B-00C04F79EFBC}") = "ProgrammersInc.Windows.Forms", "ProgrammersInc.Windows.Forms\Project\ProgrammersInc.Windows.Forms.csproj", "{0253E98B-6374-48AA-8740-89BC2939FF77}"
EndProject
Global
	GlobalSection(SolutionConfigurationPlatforms) = preSolution
		Debug|Any CPU = Debug|Any CPU
		Release|Any CPU = Release|Any CPU
	EndGlobalSection
	GlobalSection(ProjectConfigurationPlatforms) = postSolution
		{3BBC852E-2033-4D67-93D9-EE3986304AAE}.Debug|Any CPU.ActiveCfg = Debug|Any CPU
		{3BBC852E-2033-4D67-93D9-EE3986304AAE}.Debug|Any CPU.Build.0 = Debug|Any CPU
		{3BBC852E-2033-4D67-93D9-EE3986304AAE}.Release|Any CPU.ActiveCfg = Release|Any CPU
		{3BBC852E-2033-4D67-93D9-EE3986304AAE}.Release|Any CPU.Build.0 = Release|Any CPU
		{D3B89D5E-2788-40C7-AD71-128C42216B9E}.Debug|Any CPU.ActiveCfg = Debug|Any CPU
		{D3B89D5E-2788-40C7-AD71-128C42216B9E}.Debug|Any CPU.Build.0 = Debug|Any CPU
		{D3B89D5E-2788-40C7-AD71-128C42216B9E}.Release|Any CPU.ActiveCfg = Release|Any CPU
		{D3B89D5E-2788-40C7-AD71-128C42216B9E}.Release|Any CPU.Build.0 = Release|Any CPU
		{AFF75B02-8754-44C5-9941-458AB013A1AF}.Debug|Any CPU.ActiveCfg = Debug|Any CPU
		{AFF75B02-8754-44C5-9941-458AB013A1AF}.Debug|Any CPU.Build.0 = Debug|Any CPU
		{AFF75B02-8754-44C5-9941-458AB013A1AF}.Release|Any CPU.ActiveCfg = Release|Any CPU
		{AFF75B02-8754-44C5-9941-458AB013A1AF}.Release|Any CPU.Build.0 = Release|Any CPU
		{3A8E6317-DEEA-4D6E-8B8D-D4685BC3390B}.Debug|Any CPU.ActiveCfg = Debug|Any CPU
		{3A8E6317-DEEA-4D6E-8B8D-D4685BC3390B}.Debug|Any CPU.Build.0 = Debug|Any CPU
		{3A8E6317-DEEA-4D6E-8B8D-D4685BC3390B}.Release|Any CPU.ActiveCfg = Release|Any CPU
		{3A8E6317-DEEA-4D6E-8B8D-D4685BC3390B}.Release|Any CPU.Build.0 = Release|Any CPU
		{C022597B-2325-46C1-936D-03C51DD1B048}.Debug|Any CPU.ActiveCfg = Debug|Any CPU
		{C022597B-2325-46C1-936D-03C51DD1B048}.Debug|Any CPU.Build.0 = Debug|Any CPU
		{C022597B-2325-46C1-936D-03C51DD1B048}.Release|Any CPU.ActiveCfg = Release|Any CPU
		{C022597B-2325-46C1-936D-03C51DD1B048}.Release|Any CPU.Build.0 = Release|Any CPU
		{854C9915-5C36-4775-8EE7-5A7C74E9CCFF}.Debug|Any CPU.ActiveCfg = Debug|Any CPU
		{854C9915-5C36-4775-8EE7-5A7C74E9CCFF}.Debug|Any CPU.Build.0 = Debug|Any CPU
		{854C9915-5C36-4775-8EE7-5A7C74E9CCFF}.Release|Any CPU.ActiveCfg = Release|Any CPU
		{854C9915-5C36-4775-8EE7-5A7C74E9CCFF}.Release|Any CPU.Build.0 = Release|Any CPU
		{4BFF592D-AFBB-4B3B-9050-37E91CFA14ED}.Debug|Any CPU.ActiveCfg = Debug|Any CPU
		{4BFF592D-AFBB-4B3B-9050-37E91CFA14ED}.Debug|Any CPU.Build.0 = Debug|Any CPU
		{4BFF592D-AFBB-4B3B-9050-37E91CFA14ED}.Release|Any CPU.ActiveCfg = Release|Any CPU
		{4BFF592D-AFBB-4B3B-9050-37E91CFA14ED}.Release|Any CPU.Build.0 = Release|Any CPU
		{46A18A55-5AE8-49CE-91CD-C7421B642E7E}.Debug|Any CPU.ActiveCfg = Debug|Any CPU
		{46A18A55-5AE8-49CE-91CD-C7421B642E7E}.Debug|Any CPU.Build.0 = Debug|Any CPU
		{46A18A55-5AE8-49CE-91CD-C7421B642E7E}.Release|Any CPU.ActiveCfg = Release|Any CPU
		{46A18A55-5AE8-49CE-91CD-C7421B642E7E}.Release|Any CPU.Build.0 = Release|Any CPU
		{0253E98B-6374-48AA-8740-89BC2939FF77}.Debug|Any CPU.ActiveCfg = Debug|Any CPU
		{0253E98B-6374-48AA-8740-89BC2939FF77}.Debug|Any CPU.Build.0 = Debug|Any CPU
		{0253E98B-6374-48AA-8740-89BC2939FF77}.Release|Any CPU.ActiveCfg = Release|Any CPU
		{0253E98B-6374-48AA-8740-89BC2939FF77}.Release|Any CPU.Build.0 = Release|Any CPU
	EndGlobalSection
	GlobalSection(SolutionProperties) = preSolution
		HideSolutionNode = FALSE
	EndGlobalSection
EndGlobal
